
Microsoft Visual Studio Solution File, Format Version 12.00
# Visual Studio 15
VisualStudioVersion = 15.0.28307.572
MinimumVisualStudioVersion = 10.0.40219.1
Project("{FAE04EC0-301F-11D3-BF4B-00C04F79EFBC}") = "LocksManager", "LocksManager\LocksManager.csproj", "{7C4E7F88-91DF-45E8-A4CA-64B1780113E4}"
EndProject
Project("{FAE04EC0-301F-11D3-BF4B-00C04F79EFBC}") = "LocksManager.Tests", "LocksManager.Tests\LocksManager.Tests.csproj", "{EB519752-A1BF-4A9F-8EC6-B31A9DD0A5CF}"
EndProject
Global
	GlobalSection(SolutionConfigurationPlatforms) = preSolution
		Debug|Any CPU = Debug|Any CPU
		Release|Any CPU = Release|Any CPU
	EndGlobalSection
	GlobalSection(ProjectConfigurationPlatforms) = postSolution
		{7C4E7F88-91DF-45E8-A4CA-64B1780113E4}.Debug|Any CPU.ActiveCfg = Debug|Any CPU
		{7C4E7F88-91DF-45E8-A4CA-64B1780113E4}.Debug|Any CPU.Build.0 = Debug|Any CPU
		{7C4E7F88-91DF-45E8-A4CA-64B1780113E4}.Release|Any CPU.ActiveCfg = Release|Any CPU
		{7C4E7F88-91DF-45E8-A4CA-64B1780113E4}.Release|Any CPU.Build.0 = Release|Any CPU
		{EB519752-A1BF-4A9F-8EC6-B31A9DD0A5CF}.Debug|Any CPU.ActiveCfg = Debug|Any CPU
		{EB519752-A1BF-4A9F-8EC6-B31A9DD0A5CF}.Debug|Any CPU.Build.0 = Debug|Any CPU
		{EB519752-A1BF-4A9F-8EC6-B31A9DD0A5CF}.Release|Any CPU.ActiveCfg = Release|Any CPU
		{EB519752-A1BF-4A9F-8EC6-B31A9DD0A5CF}.Release|Any CPU.Build.0 = Release|Any CPU
	EndGlobalSection
	GlobalSection(SolutionProperties) = preSolution
		HideSolutionNode = FALSE
	EndGlobalSection
	GlobalSection(ExtensibilityGlobals) = postSolution
		SolutionGuid = {3E1198FA-DBAF-4E1A-A6CD-A71265468F2C}
	EndGlobalSection
EndGlobal
